# This file is automatically @generated by Wally.
# It is not intended for manual editing.
registry = "test"

[[package]]
name = "lasttalon/fastfood"
version = "0.1.0"
dependencies = [["Roact", "roblox/roact@1.4.0"], ["Roact-Rodux", "roblox/roact-rodux@0.3.0"], ["Rodux", "roblox/rodux@3.0.0"]]

[[package]]
name = "roblox/roact"
version = "1.4.0"
dependencies = []

[[package]]
name = "roblox/roact-rodux"
version = "0.3.0"
dependencies = [["Roact", "roblox/roact@1.4.0"], ["Rodux", "roblox/rodux@3.0.0"]]

[[package]]
name = "roblox/rodux"
version = "3.0.0"
dependencies = []
